
Microsoft Visual Studio Solution File, Format Version 12.00
# Visual Studio 15
VisualStudioVersion = 15.0.28010.2016
MinimumVisualStudioVersion = 10.0.40219.1
Project("{9A19103F-16F7-4668-BE54-9A1E7A4F7556}") = "FriendShip", "FriendShip\FriendShip.csproj", "{F0D6E7F1-0043-42A6-BA24-62CB36A8B997}"
EndProject
Project("{FAE04EC0-301F-11D3-BF4B-00C04F79EFBC}") = "WebApplication1", "WebApplication1\WebApplication1.csproj", "{445ED861-B5A8-44F8-BECB-44D46E56E358}"
EndProject
Global
	GlobalSection(SolutionConfigurationPlatforms) = preSolution
		Debug|Any CPU = Debug|Any CPU
		Release|Any CPU = Release|Any CPU
	EndGlobalSection
	GlobalSection(ProjectConfigurationPlatforms) = postSolution
		{F0D6E7F1-0043-42A6-BA24-62CB36A8B997}.Debug|Any CPU.ActiveCfg = Debug|Any CPU
		{F0D6E7F1-0043-42A6-BA24-62CB36A8B997}.Debug|Any CPU.Build.0 = Debug|Any CPU
		{F0D6E7F1-0043-42A6-BA24-62CB36A8B997}.Release|Any CPU.ActiveCfg = Release|Any CPU
		{F0D6E7F1-0043-42A6-BA24-62CB36A8B997}.Release|Any CPU.Build.0 = Release|Any CPU
		{445ED861-B5A8-44F8-BECB-44D46E56E358}.Debug|Any CPU.ActiveCfg = Debug|Any CPU
		{445ED861-B5A8-44F8-BECB-44D46E56E358}.Debug|Any CPU.Build.0 = Debug|Any CPU
		{445ED861-B5A8-44F8-BECB-44D46E56E358}.Release|Any CPU.ActiveCfg = Release|Any CPU
		{445ED861-B5A8-44F8-BECB-44D46E56E358}.Release|Any CPU.Build.0 = Release|Any CPU
	EndGlobalSection
	GlobalSection(SolutionProperties) = preSolution
		HideSolutionNode = FALSE
	EndGlobalSection
	GlobalSection(ExtensibilityGlobals) = postSolution
		SolutionGuid = {050741B4-C320-40AD-BD65-1500062FE992}
	EndGlobalSection
EndGlobal
